
Microsoft Visual Studio Solution File, Format Version 12.00
# Visual Studio 15
VisualStudioVersion = 15.0.26430.12
MinimumVisualStudioVersion = 10.0.40219.1
Project("{FAE04EC0-301F-11D3-BF4B-00C04F79EFBC}") = "UpdateCSProjVersion", "UpdateCSProjVersion\UpdateCSProjVersion.csproj", "{6E8A896C-666B-44FC-ACB6-63A381E0005E}"
EndProject
Project("{FAE04EC0-301F-11D3-BF4B-00C04F79EFBC}") = "UpdateCSProjVersion.Test", "UpdateCSProjVersion.Test\UpdateCSProjVersion.Test.csproj", "{8214C8A2-5AD1-4E5D-829F-08FA8842B352}"
EndProject
Project("{FAE04EC0-301F-11D3-BF4B-00C04F79EFBC}") = "UpdateVersionConsole", "UpdateVersionConsole\UpdateVersionConsole.csproj", "{96CEE6D3-1080-4ED8-8342-1DB3EAC91B4C}"
EndProject
Global
	GlobalSection(SolutionConfigurationPlatforms) = preSolution
		Debug|Any CPU = Debug|Any CPU
		Release|Any CPU = Release|Any CPU
	EndGlobalSection
	GlobalSection(ProjectConfigurationPlatforms) = postSolution
		{6E8A896C-666B-44FC-ACB6-63A381E0005E}.Debug|Any CPU.ActiveCfg = Debug|Any CPU
		{6E8A896C-666B-44FC-ACB6-63A381E0005E}.Debug|Any CPU.Build.0 = Debug|Any CPU
		{6E8A896C-666B-44FC-ACB6-63A381E0005E}.Release|Any CPU.ActiveCfg = Release|Any CPU
		{6E8A896C-666B-44FC-ACB6-63A381E0005E}.Release|Any CPU.Build.0 = Release|Any CPU
		{8214C8A2-5AD1-4E5D-829F-08FA8842B352}.Debug|Any CPU.ActiveCfg = Debug|Any CPU
		{8214C8A2-5AD1-4E5D-829F-08FA8842B352}.Debug|Any CPU.Build.0 = Debug|Any CPU
		{8214C8A2-5AD1-4E5D-829F-08FA8842B352}.Release|Any CPU.ActiveCfg = Release|Any CPU
		{8214C8A2-5AD1-4E5D-829F-08FA8842B352}.Release|Any CPU.Build.0 = Release|Any CPU
		{96CEE6D3-1080-4ED8-8342-1DB3EAC91B4C}.Debug|Any CPU.ActiveCfg = Debug|Any CPU
		{96CEE6D3-1080-4ED8-8342-1DB3EAC91B4C}.Debug|Any CPU.Build.0 = Debug|Any CPU
		{96CEE6D3-1080-4ED8-8342-1DB3EAC91B4C}.Release|Any CPU.ActiveCfg = Release|Any CPU
		{96CEE6D3-1080-4ED8-8342-1DB3EAC91B4C}.Release|Any CPU.Build.0 = Release|Any CPU
	EndGlobalSection
	GlobalSection(SolutionProperties) = preSolution
		HideSolutionNode = FALSE
	EndGlobalSection
EndGlobal
